
Microsoft Visual Studio Solution File, Format Version 12.00
# Visual Studio 15
VisualStudioVersion = 15.0.27703.2035
MinimumVisualStudioVersion = 10.0.40219.1
Project("{2150E333-8FDC-42A3-9474-1A3956D46DE8}") = "Solution Items", "Solution Items", "{A8E5974C-EBAE-404F-929E-BCA965D34973}"
	ProjectSection(SolutionItems) = preProject
		.editorconfig = .editorconfig
		.gitignore = .gitignore
		appveyor.yml = appveyor.yml
		Directory.Build.props = Directory.Build.props
		LICENSE = LICENSE
		README.md = README.md
	EndProjectSection
EndProject
Project("{9A19103F-16F7-4668-BE54-9A1E7A4F7556}") = "DotNetExtra", "src\DotNetExtra\DotNetExtra.csproj", "{98467E28-CCF4-4B1A-BF7C-29AD0001E33C}"
EndProject
Project("{9A19103F-16F7-4668-BE54-9A1E7A4F7556}") = "DotNetExtra.Tests", "tests\DotNetExtra.Tests\DotNetExtra.Tests.csproj", "{5E461DF0-2BD5-4C50-B616-ADBB9091FBBF}"
EndProject
Project("{2150E333-8FDC-42A3-9474-1A3956D46DE8}") = "src", "src", "{6FB75C3A-431F-48E3-BAE0-B43F7C67AD37}"
EndProject
Project("{2150E333-8FDC-42A3-9474-1A3956D46DE8}") = "tests", "tests", "{300EA3BF-6A02-4307-A747-4310761B88CB}"
EndProject
Global
	GlobalSection(SolutionConfigurationPlatforms) = preSolution
		Debug|Any CPU = Debug|Any CPU
		Release|Any CPU = Release|Any CPU
	EndGlobalSection
	GlobalSection(ProjectConfigurationPlatforms) = postSolution
		{98467E28-CCF4-4B1A-BF7C-29AD0001E33C}.Debug|Any CPU.ActiveCfg = Debug|Any CPU
		{98467E28-CCF4-4B1A-BF7C-29AD0001E33C}.Debug|Any CPU.Build.0 = Debug|Any CPU
		{98467E28-CCF4-4B1A-BF7C-29AD0001E33C}.Release|Any CPU.ActiveCfg = Release|Any CPU
		{98467E28-CCF4-4B1A-BF7C-29AD0001E33C}.Release|Any CPU.Build.0 = Release|Any CPU
		{5E461DF0-2BD5-4C50-B616-ADBB9091FBBF}.Debug|Any CPU.ActiveCfg = Debug|Any CPU
		{5E461DF0-2BD5-4C50-B616-ADBB9091FBBF}.Debug|Any CPU.Build.0 = Debug|Any CPU
		{5E461DF0-2BD5-4C50-B616-ADBB9091FBBF}.Release|Any CPU.ActiveCfg = Release|Any CPU
		{5E461DF0-2BD5-4C50-B616-ADBB9091FBBF}.Release|Any CPU.Build.0 = Release|Any CPU
	EndGlobalSection
	GlobalSection(SolutionProperties) = preSolution
		HideSolutionNode = FALSE
	EndGlobalSection
	GlobalSection(NestedProjects) = preSolution
		{98467E28-CCF4-4B1A-BF7C-29AD0001E33C} = {6FB75C3A-431F-48E3-BAE0-B43F7C67AD37}
		{5E461DF0-2BD5-4C50-B616-ADBB9091FBBF} = {300EA3BF-6A02-4307-A747-4310761B88CB}
	EndGlobalSection
	GlobalSection(ExtensibilityGlobals) = postSolution
		SolutionGuid = {320D5D8F-BBD5-4CEB-8352-01B499A8B297}
	EndGlobalSection
EndGlobal
